{
  "name": "password-manage",
  "lockfileVersion": 3,
  "requires": true,
  "packages": {
    "": {
      "dependencies": {
        "@tdesign/uniapp": "^0.8.0"
      }
    },
    "node_modules/@tdesign/uniapp": {
      "version": "0.8.0",
      "resolved": "http://192.168.100.133:4873/@tdesign/uniapp/-/uniapp-0.8.0.tgz",
      "integrity": "sha512-JEtDkkr5+PtBm5qZ5FzcywTmFFHfmvtchq+95z6lwSDWu3epsqNiuC/BgyvDKsmdTpPuCpncW7DYHvk0F/9N5w==",
      "license": "MIT"
    }
  }
}
